
Microsoft Visual Studio Solution File, Format Version 12.00
# Visual Studio Version 17
VisualStudioVersion = 17.14.36908.2 d17.14
MinimumVisualStudioVersion = 10.0.40219.1
Project("{FAE04EC0-301F-11D3-BF4B-00C04F79EFBC}") = "GetStartedApp", "GetStartedApp\GetStartedApp.csproj", "{B75D24FE-3207-4957-A638-8F150034EED6}"
EndProject
Global
	GlobalSection(SolutionConfigurationPlatforms) = preSolution
		Debug|Any CPU = Debug|Any CPU
		Release|Any CPU = Release|Any CPU
	EndGlobalSection
	GlobalSection(ProjectConfigurationPlatforms) = postSolution
		{B75D24FE-3207-4957-A638-8F150034EED6}.Debug|Any CPU.ActiveCfg = Debug|Any CPU
		{B75D24FE-3207-4957-A638-8F150034EED6}.Debug|Any CPU.Build.0 = Debug|Any CPU
		{B75D24FE-3207-4957-A638-8F150034EED6}.Release|Any CPU.ActiveCfg = Release|Any CPU
		{B75D24FE-3207-4957-A638-8F150034EED6}.Release|Any CPU.Build.0 = Release|Any CPU
	EndGlobalSection
	GlobalSection(SolutionProperties) = preSolution
		HideSolutionNode = FALSE
	EndGlobalSection
	GlobalSection(ExtensibilityGlobals) = postSolution
		SolutionGuid = {31EDD7F7-7273-4BD8-B038-1292126CF930}
	EndGlobalSection
EndGlobal
